
Microsoft Visual Studio Solution File, Format Version 12.00
# Visual Studio 2012
Project("{FAE04EC0-301F-11D3-BF4B-00C04F79EFBC}") = "XFConfApp", "XFConfApp\XFConfApp.csproj", "{62994527-2AE5-4260-9360-EB5513F4BDF0}"
EndProject
Project("{FAE04EC0-301F-11D3-BF4B-00C04F79EFBC}") = "XFConfApp.iOS", "iOS\XFConfApp.iOS.csproj", "{0274524C-057E-41DD-9108-62124E686FCF}"
EndProject
Project("{FAE04EC0-301F-11D3-BF4B-00C04F79EFBC}") = "XFConfApp.Droid", "Droid\XFConfApp.Droid.csproj", "{A61189F5-5DF3-4820-841E-5417F8877A19}"
EndProject
Project("{FAE04EC0-301F-11D3-BF4B-00C04F79EFBC}") = "XFConfApp.UITests", "UITests\XFConfApp.UITests.csproj", "{C9B0AA0D-AAB4-4FD3-95CE-F67007378D77}"
EndProject
Global
	GlobalSection(SolutionConfigurationPlatforms) = preSolution
		Debug|Any CPU = Debug|Any CPU
		Release|Any CPU = Release|Any CPU
		Debug|iPhoneSimulator = Debug|iPhoneSimulator
		Release|iPhone = Release|iPhone
		Release|iPhoneSimulator = Release|iPhoneSimulator
		Debug|iPhone = Debug|iPhone
	EndGlobalSection
	GlobalSection(ProjectConfigurationPlatforms) = postSolution
		{62994527-2AE5-4260-9360-EB5513F4BDF0}.Debug|Any CPU.ActiveCfg = Debug|Any CPU
		{62994527-2AE5-4260-9360-EB5513F4BDF0}.Debug|Any CPU.Build.0 = Debug|Any CPU
		{62994527-2AE5-4260-9360-EB5513F4BDF0}.Release|Any CPU.ActiveCfg = Release|Any CPU
		{62994527-2AE5-4260-9360-EB5513F4BDF0}.Release|Any CPU.Build.0 = Release|Any CPU
		{62994527-2AE5-4260-9360-EB5513F4BDF0}.Debug|iPhoneSimulator.ActiveCfg = Debug|Any CPU
		{62994527-2AE5-4260-9360-EB5513F4BDF0}.Debug|iPhoneSimulator.Build.0 = Debug|Any CPU
		{62994527-2AE5-4260-9360-EB5513F4BDF0}.Release|iPhone.ActiveCfg = Release|Any CPU
		{62994527-2AE5-4260-9360-EB5513F4BDF0}.Release|iPhone.Build.0 = Release|Any CPU
		{62994527-2AE5-4260-9360-EB5513F4BDF0}.Release|iPhoneSimulator.ActiveCfg = Release|Any CPU
		{62994527-2AE5-4260-9360-EB5513F4BDF0}.Release|iPhoneSimulator.Build.0 = Release|Any CPU
		{62994527-2AE5-4260-9360-EB5513F4BDF0}.Debug|iPhone.ActiveCfg = Debug|Any CPU
		{62994527-2AE5-4260-9360-EB5513F4BDF0}.Debug|iPhone.Build.0 = Debug|Any CPU
		{0274524C-057E-41DD-9108-62124E686FCF}.Debug|Any CPU.ActiveCfg = Debug|iPhoneSimulator
		{0274524C-057E-41DD-9108-62124E686FCF}.Debug|Any CPU.Build.0 = Debug|iPhoneSimulator
		{0274524C-057E-41DD-9108-62124E686FCF}.Release|Any CPU.ActiveCfg = Release|iPhone
		{0274524C-057E-41DD-9108-62124E686FCF}.Release|Any CPU.Build.0 = Release|iPhone
		{0274524C-057E-41DD-9108-62124E686FCF}.Debug|iPhoneSimulator.ActiveCfg = Debug|iPhoneSimulator
		{0274524C-057E-41DD-9108-62124E686FCF}.Debug|iPhoneSimulator.Build.0 = Debug|iPhoneSimulator
		{0274524C-057E-41DD-9108-62124E686FCF}.Release|iPhone.ActiveCfg = Release|iPhone
		{0274524C-057E-41DD-9108-62124E686FCF}.Release|iPhone.Build.0 = Release|iPhone
		{0274524C-057E-41DD-9108-62124E686FCF}.Release|iPhoneSimulator.ActiveCfg = Release|iPhoneSimulator
		{0274524C-057E-41DD-9108-62124E686FCF}.Release|iPhoneSimulator.Build.0 = Release|iPhoneSimulator
		{0274524C-057E-41DD-9108-62124E686FCF}.Debug|iPhone.ActiveCfg = Debug|iPhone
		{0274524C-057E-41DD-9108-62124E686FCF}.Debug|iPhone.Build.0 = Debug|iPhone
		{A61189F5-5DF3-4820-841E-5417F8877A19}.Debug|Any CPU.ActiveCfg = Debug|Any CPU
		{A61189F5-5DF3-4820-841E-5417F8877A19}.Debug|Any CPU.Build.0 = Debug|Any CPU
		{A61189F5-5DF3-4820-841E-5417F8877A19}.Release|Any CPU.ActiveCfg = Release|Any CPU
		{A61189F5-5DF3-4820-841E-5417F8877A19}.Release|Any CPU.Build.0 = Release|Any CPU
		{A61189F5-5DF3-4820-841E-5417F8877A19}.Debug|iPhoneSimulator.ActiveCfg = Debug|Any CPU
		{A61189F5-5DF3-4820-841E-5417F8877A19}.Debug|iPhoneSimulator.Build.0 = Debug|Any CPU
		{A61189F5-5DF3-4820-841E-5417F8877A19}.Release|iPhone.ActiveCfg = Release|Any CPU
		{A61189F5-5DF3-4820-841E-5417F8877A19}.Release|iPhone.Build.0 = Release|Any CPU
		{A61189F5-5DF3-4820-841E-5417F8877A19}.Release|iPhoneSimulator.ActiveCfg = Release|Any CPU
		{A61189F5-5DF3-4820-841E-5417F8877A19}.Release|iPhoneSimulator.Build.0 = Release|Any CPU
		{A61189F5-5DF3-4820-841E-5417F8877A19}.Debug|iPhone.ActiveCfg = Debug|Any CPU
		{A61189F5-5DF3-4820-841E-5417F8877A19}.Debug|iPhone.Build.0 = Debug|Any CPU
		{C9B0AA0D-AAB4-4FD3-95CE-F67007378D77}.Debug|Any CPU.ActiveCfg = Debug|Any CPU
		{C9B0AA0D-AAB4-4FD3-95CE-F67007378D77}.Debug|Any CPU.Build.0 = Debug|Any CPU
		{C9B0AA0D-AAB4-4FD3-95CE-F67007378D77}.Release|Any CPU.ActiveCfg = Release|Any CPU
		{C9B0AA0D-AAB4-4FD3-95CE-F67007378D77}.Release|Any CPU.Build.0 = Release|Any CPU
		{C9B0AA0D-AAB4-4FD3-95CE-F67007378D77}.Debug|iPhoneSimulator.ActiveCfg = Debug|Any CPU
		{C9B0AA0D-AAB4-4FD3-95CE-F67007378D77}.Debug|iPhoneSimulator.Build.0 = Debug|Any CPU
		{C9B0AA0D-AAB4-4FD3-95CE-F67007378D77}.Release|iPhone.ActiveCfg = Release|Any CPU
		{C9B0AA0D-AAB4-4FD3-95CE-F67007378D77}.Release|iPhone.Build.0 = Release|Any CPU
		{C9B0AA0D-AAB4-4FD3-95CE-F67007378D77}.Release|iPhoneSimulator.ActiveCfg = Release|Any CPU
		{C9B0AA0D-AAB4-4FD3-95CE-F67007378D77}.Release|iPhoneSimulator.Build.0 = Release|Any CPU
		{C9B0AA0D-AAB4-4FD3-95CE-F67007378D77}.Debug|iPhone.ActiveCfg = Debug|Any CPU
		{C9B0AA0D-AAB4-4FD3-95CE-F67007378D77}.Debug|iPhone.Build.0 = Debug|Any CPU
	EndGlobalSection
EndGlobal
